
Microsoft Visual Studio Solution File, Format Version 12.00
# Visual Studio Version 17
VisualStudioVersion = 17.11.35312.102
MinimumVisualStudioVersion = 10.0.40219.1
Project("{FAE04EC0-301F-11D3-BF4B-00C04F79EFBC}") = "OugAssistant", "OugAssistant\OugAssistant.csproj", "{65895E62-EC91-4C17-BC63-5C85898A4259}"
EndProject
Project("{FAE04EC0-301F-11D3-BF4B-00C04F79EFBC}") = "OugAssistant_DB", "OugAssistant_DB\OugAssistant_DB.csproj", "{5E7D7944-121E-8364-A400-DC77638BCC84}"
EndProject
Project("{FAE04EC0-301F-11D3-BF4B-00C04F79EFBC}") = "OugAssistant_API", "OugAssistant_API\OugAssistant_API.csproj", "{3329C533-1CDF-4A77-AA22-497F2C0E9F7B}"
EndProject
Global
	GlobalSection(SolutionConfigurationPlatforms) = preSolution
		Debug|Any CPU = Debug|Any CPU
		Release|Any CPU = Release|Any CPU
	EndGlobalSection
	GlobalSection(ProjectConfigurationPlatforms) = postSolution
		{65895E62-EC91-4C17-BC63-5C85898A4259}.Debug|Any CPU.ActiveCfg = Debug|Any CPU
		{65895E62-EC91-4C17-BC63-5C85898A4259}.Debug|Any CPU.Build.0 = Debug|Any CPU
		{65895E62-EC91-4C17-BC63-5C85898A4259}.Release|Any CPU.ActiveCfg = Release|Any CPU
		{65895E62-EC91-4C17-BC63-5C85898A4259}.Release|Any CPU.Build.0 = Release|Any CPU
		{5E7D7944-121E-8364-A400-DC77638BCC84}.Debug|Any CPU.ActiveCfg = Debug|Any CPU
		{5E7D7944-121E-8364-A400-DC77638BCC84}.Debug|Any CPU.Build.0 = Debug|Any CPU
		{5E7D7944-121E-8364-A400-DC77638BCC84}.Release|Any CPU.ActiveCfg = Release|Any CPU
		{5E7D7944-121E-8364-A400-DC77638BCC84}.Release|Any CPU.Build.0 = Release|Any CPU
		{3329C533-1CDF-4A77-AA22-497F2C0E9F7B}.Debug|Any CPU.ActiveCfg = Debug|Any CPU
		{3329C533-1CDF-4A77-AA22-497F2C0E9F7B}.Debug|Any CPU.Build.0 = Debug|Any CPU
		{3329C533-1CDF-4A77-AA22-497F2C0E9F7B}.Release|Any CPU.ActiveCfg = Release|Any CPU
		{3329C533-1CDF-4A77-AA22-497F2C0E9F7B}.Release|Any CPU.Build.0 = Release|Any CPU
	EndGlobalSection
	GlobalSection(SolutionProperties) = preSolution
		HideSolutionNode = FALSE
	EndGlobalSection
	GlobalSection(ExtensibilityGlobals) = postSolution
		SolutionGuid = {E7D0ACB2-4EB6-4529-85C7-D61C84CFCA26}
	EndGlobalSection
EndGlobal
